
Microsoft Visual Studio Solution File, Format Version 12.00
# Visual Studio Version 17
VisualStudioVersion = 17.7.34202.233
MinimumVisualStudioVersion = 10.0.40219.1
Project("{FAE04EC0-301F-11D3-BF4B-00C04F79EFBC}") = "ParameterScanner", "ParameterScanner\ParameterScanner.csproj", "{0BC52A42-6580-4C16-9BEC-A538FC1037BB}"
EndProject
Project("{2150E333-8FDC-42A3-9474-1A3956D46DE8}") = "Itens de Solução", "Itens de Solução", "{EAB9B815-7D90-455B-BF5D-601DA16505C9}"
	ProjectSection(SolutionItems) = preProject
		.gitignore = .gitignore
	EndProjectSection
EndProject
Global
	GlobalSection(SolutionConfigurationPlatforms) = preSolution
		Debug|Any CPU = Debug|Any CPU
		Debug|x64 = Debug|x64
		Release|Any CPU = Release|Any CPU
		Release|x64 = Release|x64
	EndGlobalSection
	GlobalSection(ProjectConfigurationPlatforms) = postSolution
		{0BC52A42-6580-4C16-9BEC-A538FC1037BB}.Debug|Any CPU.ActiveCfg = Debug|Any CPU
		{0BC52A42-6580-4C16-9BEC-A538FC1037BB}.Debug|Any CPU.Build.0 = Debug|Any CPU
		{0BC52A42-6580-4C16-9BEC-A538FC1037BB}.Debug|x64.ActiveCfg = D2020|x64
		{0BC52A42-6580-4C16-9BEC-A538FC1037BB}.Debug|x64.Build.0 = D2020|x64
		{0BC52A42-6580-4C16-9BEC-A538FC1037BB}.Release|Any CPU.ActiveCfg = Release|Any CPU
		{0BC52A42-6580-4C16-9BEC-A538FC1037BB}.Release|Any CPU.Build.0 = Release|Any CPU
		{0BC52A42-6580-4C16-9BEC-A538FC1037BB}.Release|x64.ActiveCfg = Release|x64
		{0BC52A42-6580-4C16-9BEC-A538FC1037BB}.Release|x64.Build.0 = Release|x64
	EndGlobalSection
	GlobalSection(SolutionProperties) = preSolution
		HideSolutionNode = FALSE
	EndGlobalSection
	GlobalSection(ExtensibilityGlobals) = postSolution
		SolutionGuid = {60B8FDAD-4CCC-41E5-8A28-5F2E8B6C7841}
	EndGlobalSection
EndGlobal
